
Microsoft Visual Studio Solution File, Format Version 12.00
# Visual Studio Version 17
VisualStudioVersion = 17.14.36301.6 d17.14
MinimumVisualStudioVersion = 10.0.40219.1
Project("{FAE04EC0-301F-11D3-BF4B-00C04F79EFBC}") = "SignalRServer", "SignalRServer\SignalRServer.csproj", "{E6D8758E-2633-4EC1-9DA1-E4B18F4991DD}"
EndProject
Global
	GlobalSection(SolutionConfigurationPlatforms) = preSolution
		Debug|Any CPU = Debug|Any CPU
		Release|Any CPU = Release|Any CPU
	EndGlobalSection
	GlobalSection(ProjectConfigurationPlatforms) = postSolution
		{E6D8758E-2633-4EC1-9DA1-E4B18F4991DD}.Debug|Any CPU.ActiveCfg = Debug|Any CPU
		{E6D8758E-2633-4EC1-9DA1-E4B18F4991DD}.Debug|Any CPU.Build.0 = Debug|Any CPU
		{E6D8758E-2633-4EC1-9DA1-E4B18F4991DD}.Release|Any CPU.ActiveCfg = Release|Any CPU
		{E6D8758E-2633-4EC1-9DA1-E4B18F4991DD}.Release|Any CPU.Build.0 = Release|Any CPU
	EndGlobalSection
	GlobalSection(SolutionProperties) = preSolution
		HideSolutionNode = FALSE
	EndGlobalSection
	GlobalSection(ExtensibilityGlobals) = postSolution
		SolutionGuid = {914504DC-6079-41E8-B040-4BCEBD574549}
	EndGlobalSection
EndGlobal
